// !$*UTF8*$!
{
	archiveVersion = 1;
	classes = {
	};
	objectVersion = 50;
	objects = {

/* Begin PBXBuildFile section */
		945B99BE258B7A350015F206 /* TestView.m in Sources */ = {isa = PBXBuildFile; fileRef = 945B99BD258B7A350015F206 /* TestView.m */; };
		94950D5C25885BC9002C4F23 /* AppDelegate.m in Sources */ = {isa = PBXBuildFile; fileRef = 94950D5B25885BC9002C4F23 /* AppDelegate.m */; };
		94950D5F25885BC9002C4F23 /* SceneDelegate.m in Sources */ = {isa = PBXBuildFile; fileRef = 94950D5E25885BC9002C4F23 /* SceneDelegate.m */; };
		94950D6225885BC9002C4F23 /* ViewController.m in Sources */ = {isa = PBXBuildFile; fileRef = 94950D6125885BC9002C4F23 /* ViewController.m */; };
		94950D6525885BC9002C4F23 /* Main.storyboard in Resources */ = {isa = PBXBuildFile; fileRef = 94950D6325885BC9002C4F23 /* Main.storyboard */; };
		94950D6725885BCB002C4F23 /* Assets.xcassets in Resources */ = {isa = PBXBuildFile; fileRef = 94950D6625885BCB002C4F23 /* Assets.xcassets */; };
		94950D6A25885BCB002C4F23 /* LaunchScreen.storyboard in Resources */ = {isa = PBXBuildFile; fileRef = 94950D6825885BCB002C4F23 /* LaunchScreen.storyboard */; };
		94950D6D25885BCB002C4F23 /* main.m in Sources */ = {isa = PBXBuildFile; fileRef = 94950D6C25885BCB002C4F23 /* main.m */; };
		94950D8125899FF9002C4F23 /* ZTTXTReaderVC.m in Sources */ = {isa = PBXBuildFile; fileRef = 94950D7D25899FF9002C4F23 /* ZTTXTReaderVC.m */; };
		94950D8225899FF9002C4F23 /* ZYSandBoxFileExplorerVC.m in Sources */ = {isa = PBXBuildFile; fileRef = 94950D7E25899FF9002C4F23 /* ZYSandBoxFileExplorerVC.m */; };
		94950D8B2589A5E9002C4F23 /* LogTestVC.m in Sources */ = {isa = PBXBuildFile; fileRef = 94950D8A2589A5E9002C4F23 /* LogTestVC.m */; };
		E5C746CC60CA5C3E4D936310 /* libPods-ZYLogStash.a in Frameworks */ = {isa = PBXBuildFile; fileRef = F824A42D4368838D61B5ED3F /* libPods-ZYLogStash.a */; };
/* End PBXBuildFile section */

/* Begin PBXFileReference section */
		219DA0D778D3DF654E6F7D81 /* Pods-ZYLogStash.debug.xcconfig */ = {isa = PBXFileReference; includeInIndex = 1; lastKnownFileType = text.xcconfig; name = "Pods-ZYLogStash.debug.xcconfig"; path = "Target Support Files/Pods-ZYLogStash/Pods-ZYLogStash.debug.xcconfig"; sourceTree = "<group>"; };
		6F6F3B82A66D843A2B10E810 /* Pods-ZYLogStash.release.xcconfig */ = {isa = PBXFileReference; includeInIndex = 1; lastKnownFileType = text.xcconfig; name = "Pods-ZYLogStash.release.xcconfig"; path = "Target Support Files/Pods-ZYLogStash/Pods-ZYLogStash.release.xcconfig"; sourceTree = "<group>"; };
		945B99BC258B7A350015F206 /* TestView.h */ = {isa = PBXFileReference; lastKnownFileType = sourcecode.c.h; path = TestView.h; sourceTree = "<group>"; };
		945B99BD258B7A350015F206 /* TestView.m */ = {isa = PBXFileReference; lastKnownFileType = sourcecode.c.objc; path = TestView.m; sourceTree = "<group>"; };
		94950D5725885BC9002C4F23 /* ZYLogStash.app */ = {isa = PBXFileReference; explicitFileType = wrapper.application; includeInIndex = 0; path = ZYLogStash.app; sourceTree = BUILT_PRODUCTS_DIR; };
		94950D5A25885BC9002C4F23 /* AppDelegate.h */ = {isa = PBXFileReference; lastKnownFileType = sourcecode.c.h; path = AppDelegate.h; sourceTree = "<group>"; };
		94950D5B25885BC9002C4F23 /* AppDelegate.m */ = {isa = PBXFileReference; lastKnownFileType = sourcecode.c.objc; path = AppDelegate.m; sourceTree = "<group>"; };
		94950D5D25885BC9002C4F23 /* SceneDelegate.h */ = {isa = PBXFileReference; lastKnownFileType = sourcecode.c.h; path = SceneDelegate.h; sourceTree = "<group>"; };
		94950D5E25885BC9002C4F23 /* SceneDelegate.m */ = {isa = PBXFileReference; lastKnownFileType = sourcecode.c.objc; path = SceneDelegate.m; sourceTree = "<group>"; };
		94950D6025885BC9002C4F23 /* ViewController.h */ = {isa = PBXFileReference; lastKnownFileType = sourcecode.c.h; path = ViewController.h; sourceTree = "<group>"; };
		94950D6125885BC9002C4F23 /* ViewController.m */ = {isa = PBXFileReference; lastKnownFileType = sourcecode.c.objc; path = ViewController.m; sourceTree = "<group>"; };
		94950D6425885BC9002C4F23 /* Base */ = {isa = PBXFileReference; lastKnownFileType = file.storyboard; name = Base; path = Base.lproj/Main.storyboard; sourceTree = "<group>"; };
		94950D6625885BCB002C4F23 /* Assets.xcassets */ = {isa = PBXFileReference; lastKnownFileType = folder.assetcatalog; path = Assets.xcassets; sourceTree = "<group>"; };
		94950D6925885BCB002C4F23 /* Base */ = {isa = PBXFileReference; lastKnownFileType = file.storyboard; name = Base; path = Base.lproj/LaunchScreen.storyboard; sourceTree = "<group>"; };
		94950D6B25885BCB002C4F23 /* Info.plist */ = {isa = PBXFileReference; lastKnownFileType = text.plist.xml; path = Info.plist; sourceTree = "<group>"; };
		94950D6C25885BCB002C4F23 /* main.m */ = {isa = PBXFileReference; lastKnownFileType = sourcecode.c.objc; path = main.m; sourceTree = "<group>"; };
		94950D7D25899FF9002C4F23 /* ZTTXTReaderVC.m */ = {isa = PBXFileReference; fileEncoding = 4; lastKnownFileType = sourcecode.c.objc; path = ZTTXTReaderVC.m; sourceTree = "<group>"; };
		94950D7E25899FF9002C4F23 /* ZYSandBoxFileExplorerVC.m */ = {isa = PBXFileReference; fileEncoding = 4; lastKnownFileType = sourcecode.c.objc; path = ZYSandBoxFileExplorerVC.m; sourceTree = "<group>"; };
		94950D7F25899FF9002C4F23 /* ZYSandBoxFileExplorerVC.h */ = {isa = PBXFileReference; fileEncoding = 4; lastKnownFileType = sourcecode.c.h; path = ZYSandBoxFileExplorerVC.h; sourceTree = "<group>"; };
		94950D8025899FF9002C4F23 /* ZTTXTReaderVC.h */ = {isa = PBXFileReference; fileEncoding = 4; lastKnownFileType = sourcecode.c.h; path = ZTTXTReaderVC.h; sourceTree = "<group>"; };
		94950D892589A5E9002C4F23 /* LogTestVC.h */ = {isa = PBXFileReference; lastKnownFileType = sourcecode.c.h; path = LogTestVC.h; sourceTree = "<group>"; };
		94950D8A2589A5E9002C4F23 /* LogTestVC.m */ = {isa = PBXFileReference; lastKnownFileType = sourcecode.c.objc; path = LogTestVC.m; sourceTree = "<group>"; };
		F824A42D4368838D61B5ED3F /* libPods-ZYLogStash.a */ = {isa = PBXFileReference; explicitFileType = archive.ar; includeInIndex = 0; path = "libPods-ZYLogStash.a"; sourceTree = BUILT_PRODUCTS_DIR; };
/* End PBXFileReference section */

/* Begin PBXFrameworksBuildPhase section */
		94950D5425885BC9002C4F23 /* Frameworks */ = {
			isa = PBXFrameworksBuildPhase;
			buildActionMask = 2147483647;
			files = (
				E5C746CC60CA5C3E4D936310 /* libPods-ZYLogStash.a in Frameworks */,
			);
			runOnlyForDeploymentPostprocessing = 0;
		};
/* End PBXFrameworksBuildPhase section */

/* Begin PBXGroup section */
		142C122C4630FF318781EFD6 /* Frameworks */ = {
			isa = PBXGroup;
			children = (
				F824A42D4368838D61B5ED3F /* libPods-ZYLogStash.a */,
			);
			name = Frameworks;
			sourceTree = "<group>";
		};
		78AE92B1E48FC8A5549C1877 /* Pods */ = {
			isa = PBXGroup;
			children = (
				219DA0D778D3DF654E6F7D81 /* Pods-ZYLogStash.debug.xcconfig */,
				6F6F3B82A66D843A2B10E810 /* Pods-ZYLogStash.release.xcconfig */,
			);
			path = Pods;
			sourceTree = "<group>";
		};
		94950D4E25885BC9002C4F23 = {
			isa = PBXGroup;
			children = (
				94950D5925885BC9002C4F23 /* ZYLogStash */,
				94950D5825885BC9002C4F23 /* Products */,
				78AE92B1E48FC8A5549C1877 /* Pods */,
				142C122C4630FF318781EFD6 /* Frameworks */,
			);
			sourceTree = "<group>";
		};
		94950D5825885BC9002C4F23 /* Products */ = {
			isa = PBXGroup;
			children = (
				94950D5725885BC9002C4F23 /* ZYLogStash.app */,
			);
			name = Products;
			sourceTree = "<group>";
		};
		94950D5925885BC9002C4F23 /* ZYLogStash */ = {
			isa = PBXGroup;
			children = (
				94950D5A25885BC9002C4F23 /* AppDelegate.h */,
				94950D5B25885BC9002C4F23 /* AppDelegate.m */,
				94950D5D25885BC9002C4F23 /* SceneDelegate.h */,
				94950D5E25885BC9002C4F23 /* SceneDelegate.m */,
				94950D6025885BC9002C4F23 /* ViewController.h */,
				94950D6125885BC9002C4F23 /* ViewController.m */,
				94950D892589A5E9002C4F23 /* LogTestVC.h */,
				94950D8A2589A5E9002C4F23 /* LogTestVC.m */,
				945B99BC258B7A350015F206 /* TestView.h */,
				945B99BD258B7A350015F206 /* TestView.m */,
				94950D7C25899FF9002C4F23 /* ZYFileExplorer */,
				94950D6325885BC9002C4F23 /* Main.storyboard */,
				94950D6625885BCB002C4F23 /* Assets.xcassets */,
				94950D6825885BCB002C4F23 /* LaunchScreen.storyboard */,
				94950D6B25885BCB002C4F23 /* Info.plist */,
				94950D6C25885BCB002C4F23 /* main.m */,
			);
			path = ZYLogStash;
			sourceTree = "<group>";
		};
		94950D7C25899FF9002C4F23 /* ZYFileExplorer */ = {
			isa = PBXGroup;
			children = (
				94950D8025899FF9002C4F23 /* ZTTXTReaderVC.h */,
				94950D7D25899FF9002C4F23 /* ZTTXTReaderVC.m */,
				94950D7F25899FF9002C4F23 /* ZYSandBoxFileExplorerVC.h */,
				94950D7E25899FF9002C4F23 /* ZYSandBoxFileExplorerVC.m */,
			);
			path = ZYFileExplorer;
			sourceTree = "<group>";
		};
/* End PBXGroup section */

/* Begin PBXNativeTarget section */
		94950D5625885BC9002C4F23 /* ZYLogStash */ = {
			isa = PBXNativeTarget;
			buildConfigurationList = 94950D7025885BCB002C4F23 /* Build configuration list for PBXNativeTarget "ZYLogStash" */;
			buildPhases = (
				D562964360DAF3126F89912C /* [CP] Check Pods Manifest.lock */,
				94950D5325885BC9002C4F23 /* Sources */,
				94950D5425885BC9002C4F23 /* Frameworks */,
				94950D5525885BC9002C4F23 /* Resources */,
			);
			buildRules = (
			);
			dependencies = (
			);
			name = ZYLogStash;
			productName = ZYLogStash;
			productReference = 94950D5725885BC9002C4F23 /* ZYLogStash.app */;
			productType = "com.apple.product-type.application";
		};
/* End PBXNativeTarget section */

/* Begin PBXProject section */
		94950D4F25885BC9002C4F23 /* Project object */ = {
			isa = PBXProject;
			attributes = {
				LastUpgradeCheck = 1220;
				TargetAttributes = {
					94950D5625885BC9002C4F23 = {
						CreatedOnToolsVersion = 12.2;
					};
				};
			};
			buildConfigurationList = 94950D5225885BC9002C4F23 /* Build configuration list for PBXProject "ZYLogStash" */;
			compatibilityVersion = "Xcode 9.3";
			developmentRegion = en;
			hasScannedForEncodings = 0;
			knownRegions = (
				en,
				Base,
			);
			mainGroup = 94950D4E25885BC9002C4F23;
			productRefGroup = 94950D5825885BC9002C4F23 /* Products */;
			projectDirPath = "";
			projectRoot = "";
			targets = (
				94950D5625885BC9002C4F23 /* ZYLogStash */,
			);
		};
/* End PBXProject section */

/* Begin PBXResourcesBuildPhase section */
		94950D5525885BC9002C4F23 /* Resources */ = {
			isa = PBXResourcesBuildPhase;
			buildActionMask = 2147483647;
			files = (
				94950D6A25885BCB002C4F23 /* LaunchScreen.storyboard in Resources */,
				94950D6725885BCB002C4F23 /* Assets.xcassets in Resources */,
				94950D6525885BC9002C4F23 /* Main.storyboard in Resources */,
			);
			runOnlyForDeploymentPostprocessing = 0;
		};
/* End PBXResourcesBuildPhase section */

/* Begin PBXShellScriptBuildPhase section */
		D562964360DAF3126F89912C /* [CP] Check Pods Manifest.lock */ = {
			isa = PBXShellScriptBuildPhase;
			buildActionMask = 2147483647;
			files = (
			);
			inputFileListPaths = (
			);
			inputPaths = (
				"${PODS_PODFILE_DIR_PATH}/Podfile.lock",
				"${PODS_ROOT}/Manifest.lock",
			);
			name = "[CP] Check Pods Manifest.lock";
			outputFileListPaths = (
			);
			outputPaths = (
				"$(DERIVED_FILE_DIR)/Pods-ZYLogStash-checkManifestLockResult.txt",
			);
			runOnlyForDeploymentPostprocessing = 0;
			shellPath = /bin/sh;
			shellScript = "diff \"${PODS_PODFILE_DIR_PATH}/Podfile.lock\" \"${PODS_ROOT}/Manifest.lock\" > /dev/null\nif [ $? != 0 ] ; then\n    # print error to STDERR\n    echo \"error: The sandbox is not in sync with the Podfile.lock. Run 'pod install' or update your CocoaPods installation.\" >&2\n    exit 1\nfi\n# This output is used by Xcode 'outputs' to avoid re-running this script phase.\necho \"SUCCESS\" > \"${SCRIPT_OUTPUT_FILE_0}\"\n";
			showEnvVarsInLog = 0;
		};
/* End PBXShellScriptBuildPhase section */

/* Begin PBXSourcesBuildPhase section */
		94950D5325885BC9002C4F23 /* Sources */ = {
			isa = PBXSourcesBuildPhase;
			buildActionMask = 2147483647;
			files = (
				945B99BE258B7A350015F206 /* TestView.m in Sources */,
				94950D6225885BC9002C4F23 /* ViewController.m in Sources */,
				94950D8125899FF9002C4F23 /* ZTTXTReaderVC.m in Sources */,
				94950D8225899FF9002C4F23 /* ZYSandBoxFileExplorerVC.m in Sources */,
				94950D5C25885BC9002C4F23 /* AppDelegate.m in Sources */,
				94950D6D25885BCB002C4F23 /* main.m in Sources */,
				94950D8B2589A5E9002C4F23 /* LogTestVC.m in Sources */,
				94950D5F25885BC9002C4F23 /* SceneDelegate.m in Sources */,
			);
			runOnlyForDeploymentPostprocessing = 0;
		};
/* End PBXSourcesBuildPhase section */

/* Begin PBXVariantGroup section */
		94950D6325885BC9002C4F23 /* Main.storyboard */ = {
			isa = PBXVariantGroup;
			children = (
				94950D6425885BC9002C4F23 /* Base */,
			);
			name = Main.storyboard;
			sourceTree = "<group>";
		};
		94950D6825885BCB002C4F23 /* LaunchScreen.storyboard */ = {
			isa = PBXVariantGroup;
			children = (
				94950D6925885BCB002C4F23 /* Base */,
			);
			name = LaunchScreen.storyboard;
			sourceTree = "<group>";
		};
/* End PBXVariantGroup section */

/* Begin XCBuildConfiguration section */
		94950D6E25885BCB002C4F23 /* Debug */ = {
			isa = XCBuildConfiguration;
			buildSettings = {
				ALWAYS_SEARCH_USER_PATHS = NO;
				CLANG_ANALYZER_NONNULL = YES;
				CLANG_ANALYZER_NUMBER_OBJECT_CONVERSION = YES_AGGRESSIVE;
				CLANG_CXX_LANGUAGE_STANDARD = "gnu++14";
				CLANG_CXX_LIBRARY = "libc++";
				CLANG_ENABLE_MODULES = YES;
				CLANG_ENABLE_OBJC_ARC = YES;
				CLANG_ENABLE_OBJC_WEAK = YES;
				CLANG_WARN_BLOCK_CAPTURE_AUTORELEASING = YES;
				CLANG_WARN_BOOL_CONVERSION = YES;
				CLANG_WARN_COMMA = YES;
				CLANG_WARN_CONSTANT_CONVERSION = YES;
				CLANG_WARN_DEPRECATED_OBJC_IMPLEMENTATIONS = YES;
				CLANG_WARN_DIRECT_OBJC_ISA_USAGE = YES_ERROR;
				CLANG_WARN_DOCUMENTATION_COMMENTS = YES;
				CLANG_WARN_EMPTY_BODY = YES;
				CLANG_WARN_ENUM_CONVERSION = YES;
				CLANG_WARN_INFINITE_RECURSION = YES;
				CLANG_WARN_INT_CONVERSION = YES;
				CLANG_WARN_NON_LITERAL_NULL_CONVERSION = YES;
				CLANG_WARN_OBJC_IMPLICIT_RETAIN_SELF = YES;
				CLANG_WARN_OBJC_LITERAL_CONVERSION = YES;
				CLANG_WARN_OBJC_ROOT_CLASS = YES_ERROR;
				CLANG_WARN_QUOTED_INCLUDE_IN_FRAMEWORK_HEADER = YES;
				CLANG_WARN_RANGE_LOOP_ANALYSIS = YES;
				CLANG_WARN_STRICT_PROTOTYPES = YES;
				CLANG_WARN_SUSPICIOUS_MOVE = YES;
				CLANG_WARN_UNGUARDED_AVAILABILITY = YES_AGGRESSIVE;
				CLANG_WARN_UNREACHABLE_CODE = YES;
				CLANG_WARN__DUPLICATE_METHOD_MATCH = YES;
				COPY_PHASE_STRIP = NO;
				DEBUG_INFORMATION_FORMAT = dwarf;
				ENABLE_STRICT_OBJC_MSGSEND = YES;
				ENABLE_TESTABILITY = YES;
				GCC_C_LANGUAGE_STANDARD = gnu11;
				GCC_DYNAMIC_NO_PIC = NO;
				GCC_NO_COMMON_BLOCKS = YES;
				GCC_OPTIMIZATION_LEVEL = 0;
				GCC_PREPROCESSOR_DEFINITIONS = (
					"DEBUG=1",
					"$(inherited)",
				);
				GCC_WARN_64_TO_32_BIT_CONVERSION = YES;
				GCC_WARN_ABOUT_RETURN_TYPE = YES_ERROR;
				GCC_WARN_UNDECLARED_SELECTOR = YES;
				GCC_WARN_UNINITIALIZED_AUTOS = YES_AGGRESSIVE;
				GCC_WARN_UNUSED_FUNCTION = YES;
				GCC_WARN_UNUSED_VARIABLE = YES;
				IPHONEOS_DEPLOYMENT_TARGET = 10.0;
				MTL_ENABLE_DEBUG_INFO = INCLUDE_SOURCE;
				MTL_FAST_MATH = YES;
				ONLY_ACTIVE_ARCH = YES;
				SDKROOT = iphoneos;
			};
			name = Debug;
		};
		94950D6F25885BCB002C4F23 /* Release */ = {
			isa = XCBuildConfiguration;
			buildSettings = {
				ALWAYS_SEARCH_USER_PATHS = NO;
				CLANG_ANALYZER_NONNULL = YES;
				CLANG_ANALYZER_NUMBER_OBJECT_CONVERSION = YES_AGGRESSIVE;
				CLANG_CXX_LANGUAGE_STANDARD = "gnu++14";
				CLANG_CXX_LIBRARY = "libc++";
				CLANG_ENABLE_MODULES = YES;
				CLANG_ENABLE_OBJC_ARC = YES;
				CLANG_ENABLE_OBJC_WEAK = YES;
				CLANG_WARN_BLOCK_CAPTURE_AUTORELEASING = YES;
				CLANG_WARN_BOOL_CONVERSION = YES;
				CLANG_WARN_COMMA = YES;
				CLANG_WARN_CONSTANT_CONVERSION = YES;
				CLANG_WARN_DEPRECATED_OBJC_IMPLEMENTATIONS = YES;
				CLANG_WARN_DIRECT_OBJC_ISA_USAGE = YES_ERROR;
				CLANG_WARN_DOCUMENTATION_COMMENTS = YES;
				CLANG_WARN_EMPTY_BODY = YES;
				CLANG_WARN_ENUM_CONVERSION = YES;
				CLANG_WARN_INFINITE_RECURSION = YES;
				CLANG_WARN_INT_CONVERSION = YES;
				CLANG_WARN_NON_LITERAL_NULL_CONVERSION = YES;
				CLANG_WARN_OBJC_IMPLICIT_RETAIN_SELF = YES;
				CLANG_WARN_OBJC_LITERAL_CONVERSION = YES;
				CLANG_WARN_OBJC_ROOT_CLASS = YES_ERROR;
				CLANG_WARN_QUOTED_INCLUDE_IN_FRAMEWORK_HEADER = YES;
				CLANG_WARN_RANGE_LOOP_ANALYSIS = YES;
				CLANG_WARN_STRICT_PROTOTYPES = YES;
				CLANG_WARN_SUSPICIOUS_MOVE = YES;
				CLANG_WARN_UNGUARDED_AVAILABILITY = YES_AGGRESSIVE;
				CLANG_WARN_UNREACHABLE_CODE = YES;
				CLANG_WARN__DUPLICATE_METHOD_MATCH = YES;
				COPY_PHASE_STRIP = NO;
				DEBUG_INFORMATION_FORMAT = "dwarf-with-dsym";
				ENABLE_NS_ASSERTIONS = NO;
				ENABLE_STRICT_OBJC_MSGSEND = YES;
				GCC_C_LANGUAGE_STANDARD = gnu11;
				GCC_NO_COMMON_BLOCKS = YES;
				GCC_WARN_64_TO_32_BIT_CONVERSION = YES;
				GCC_WARN_ABOUT_RETURN_TYPE = YES_ERROR;
				GCC_WARN_UNDECLARED_SELECTOR = YES;
				GCC_WARN_UNINITIALIZED_AUTOS = YES_AGGRESSIVE;
				GCC_WARN_UNUSED_FUNCTION = YES;
				GCC_WARN_UNUSED_VARIABLE = YES;
				IPHONEOS_DEPLOYMENT_TARGET = 10.0;
				MTL_ENABLE_DEBUG_INFO = NO;
				MTL_FAST_MATH = YES;
				SDKROOT = iphoneos;
				VALIDATE_PRODUCT = YES;
			};
			name = Release;
		};
		94950D7125885BCB002C4F23 /* Debug */ = {
			isa = XCBuildConfiguration;
			baseConfigurationReference = 219DA0D778D3DF654E6F7D81 /* Pods-ZYLogStash.debug.xcconfig */;
			buildSettings = {
				ASSETCATALOG_COMPILER_APPICON_NAME = AppIcon;
				ASSETCATALOG_COMPILER_GLOBAL_ACCENT_COLOR_NAME = AccentColor;
				CODE_SIGN_STYLE = Automatic;
				INFOPLIST_FILE = ZYLogStash/Info.plist;
				LD_RUNPATH_SEARCH_PATHS = (
					"$(inherited)",
					"@executable_path/Frameworks",
				);
				PRODUCT_BUNDLE_IDENTIFIER = com.pj.ZYLogStash;
				PRODUCT_NAME = "$(TARGET_NAME)";
				TARGETED_DEVICE_FAMILY = "1,2";
			};
			name = Debug;
		};
		94950D7225885BCB002C4F23 /* Release */ = {
			isa = XCBuildConfiguration;
			baseConfigurationReference = 6F6F3B82A66D843A2B10E810 /* Pods-ZYLogStash.release.xcconfig */;
			buildSettings = {
				ASSETCATALOG_COMPILER_APPICON_NAME = AppIcon;
				ASSETCATALOG_COMPILER_GLOBAL_ACCENT_COLOR_NAME = AccentColor;
				CODE_SIGN_STYLE = Automatic;
				INFOPLIST_FILE = ZYLogStash/Info.plist;
				LD_RUNPATH_SEARCH_PATHS = (
					"$(inherited)",
					"@executable_path/Frameworks",
				);
				PRODUCT_BUNDLE_IDENTIFIER = com.pj.ZYLogStash;
				PRODUCT_NAME = "$(TARGET_NAME)";
				TARGETED_DEVICE_FAMILY = "1,2";
			};
			name = Release;
		};
/* End XCBuildConfiguration section */

/* Begin XCConfigurationList section */
		94950D5225885BC9002C4F23 /* Build configuration list for PBXProject "ZYLogStash" */ = {
			isa = XCConfigurationList;
			buildConfigurations = (
				94950D6E25885BCB002C4F23 /* Debug */,
				94950D6F25885BCB002C4F23 /* Release */,
			);
			defaultConfigurationIsVisible = 0;
			defaultConfigurationName = Release;
		};
		94950D7025885BCB002C4F23 /* Build configuration list for PBXNativeTarget "ZYLogStash" */ = {
			isa = XCConfigurationList;
			buildConfigurations = (
				94950D7125885BCB002C4F23 /* Debug */,
				94950D7225885BCB002C4F23 /* Release */,
			);
			defaultConfigurationIsVisible = 0;
			defaultConfigurationName = Release;
		};
/* End XCConfigurationList section */
	};
	rootObject = 94950D4F25885BC9002C4F23 /* Project object */;
}
